
Microsoft Visual Studio Solution File, Format Version 12.00
Project("{FAE04EC0-301F-11D3-BF4B-00C04F79EFBC}") = "Rooster.Worker", "Rooster.Worker\Rooster.Worker.csproj", "{F9017797-FEAF-404E-BF97-BCE9162B5BEB}"
EndProject
Project("{FAE04EC0-301F-11D3-BF4B-00C04F79EFBC}") = "Rooster.Api", "Rooster.Api\Rooster.Api.csproj", "{87929D0B-3C7C-4BC3-9798-9C737DF0F08C}"
EndProject
Project("{FAE04EC0-301F-11D3-BF4B-00C04F79EFBC}") = "Rooster.Client", "Rooster.Client\Rooster.Client.csproj", "{5894610B-FF20-45C5-8B36-1CC3F4CBE4B5}"
EndProject
Project("{FAE04EC0-301F-11D3-BF4B-00C04F79EFBC}") = "Rooster.Playground", "Rooster.Playground\Rooster.Playground.csproj", "{331683A5-9D06-4978-B5E8-6FF512FA5349}"
EndProject
Global
	GlobalSection(SolutionConfigurationPlatforms) = preSolution
		Debug|Any CPU = Debug|Any CPU
		Release|Any CPU = Release|Any CPU
	EndGlobalSection
	GlobalSection(ProjectConfigurationPlatforms) = postSolution
		{F9017797-FEAF-404E-BF97-BCE9162B5BEB}.Debug|Any CPU.ActiveCfg = Debug|Any CPU
		{F9017797-FEAF-404E-BF97-BCE9162B5BEB}.Debug|Any CPU.Build.0 = Debug|Any CPU
		{F9017797-FEAF-404E-BF97-BCE9162B5BEB}.Release|Any CPU.ActiveCfg = Release|Any CPU
		{F9017797-FEAF-404E-BF97-BCE9162B5BEB}.Release|Any CPU.Build.0 = Release|Any CPU
		{87929D0B-3C7C-4BC3-9798-9C737DF0F08C}.Debug|Any CPU.ActiveCfg = Debug|Any CPU
		{87929D0B-3C7C-4BC3-9798-9C737DF0F08C}.Debug|Any CPU.Build.0 = Debug|Any CPU
		{87929D0B-3C7C-4BC3-9798-9C737DF0F08C}.Release|Any CPU.ActiveCfg = Release|Any CPU
		{87929D0B-3C7C-4BC3-9798-9C737DF0F08C}.Release|Any CPU.Build.0 = Release|Any CPU
		{5894610B-FF20-45C5-8B36-1CC3F4CBE4B5}.Debug|Any CPU.ActiveCfg = Debug|Any CPU
		{5894610B-FF20-45C5-8B36-1CC3F4CBE4B5}.Debug|Any CPU.Build.0 = Debug|Any CPU
		{5894610B-FF20-45C5-8B36-1CC3F4CBE4B5}.Release|Any CPU.ActiveCfg = Release|Any CPU
		{5894610B-FF20-45C5-8B36-1CC3F4CBE4B5}.Release|Any CPU.Build.0 = Release|Any CPU
		{331683A5-9D06-4978-B5E8-6FF512FA5349}.Debug|Any CPU.ActiveCfg = Debug|Any CPU
		{331683A5-9D06-4978-B5E8-6FF512FA5349}.Debug|Any CPU.Build.0 = Debug|Any CPU
		{331683A5-9D06-4978-B5E8-6FF512FA5349}.Release|Any CPU.ActiveCfg = Release|Any CPU
		{331683A5-9D06-4978-B5E8-6FF512FA5349}.Release|Any CPU.Build.0 = Release|Any CPU
	EndGlobalSection
EndGlobal
